<Solution>
  <Project Path="JogoCorrida/JogoCorrida.csproj" />
  <Project Path="JogoCorridaConsoleApp/JogoCorridaConsoleApp.csproj" Id="6f9c881c-868c-4bb8-bdc8-d8c2ee4b8756" />
  <Project Path="JogoCorridaWinFormsApp/JogoCorridaWinFormsApp.csproj" Id="448a2dd7-461c-46af-aadc-4b5fa703e9ae" />
</Solution>
